
Microsoft Visual Studio Solution File, Format Version 12.00
# Visual Studio Version 16
VisualStudioVersion = 16.0.30413.136
MinimumVisualStudioVersion = 10.0.40219.1
Project("{9A19103F-16F7-4668-BE54-9A1E7A4F7556}") = "PF2e Encounter Builder", "PF2e Encounter Builder.csproj", "{30B4C75B-FDEA-48A1-BAE8-A02F5BE43D0E}"
EndProject
Project("{9A19103F-16F7-4668-BE54-9A1E7A4F7556}") = "PF2eDataAccess", "..\PF2eDataAccess\PF2eDataAccess.csproj", "{28C87C0F-A559-4E71-A8C2-21B9A5E80F94}"
EndProject
Global
	GlobalSection(SolutionConfigurationPlatforms) = preSolution
		Debug|Any CPU = Debug|Any CPU
		Release|Any CPU = Release|Any CPU
	EndGlobalSection
	GlobalSection(ProjectConfigurationPlatforms) = postSolution
		{30B4C75B-FDEA-48A1-BAE8-A02F5BE43D0E}.Debug|Any CPU.ActiveCfg = Debug|Any CPU
		{30B4C75B-FDEA-48A1-BAE8-A02F5BE43D0E}.Debug|Any CPU.Build.0 = Debug|Any CPU
		{30B4C75B-FDEA-48A1-BAE8-A02F5BE43D0E}.Release|Any CPU.ActiveCfg = Release|Any CPU
		{30B4C75B-FDEA-48A1-BAE8-A02F5BE43D0E}.Release|Any CPU.Build.0 = Release|Any CPU
		{28C87C0F-A559-4E71-A8C2-21B9A5E80F94}.Debug|Any CPU.ActiveCfg = Debug|Any CPU
		{28C87C0F-A559-4E71-A8C2-21B9A5E80F94}.Debug|Any CPU.Build.0 = Debug|Any CPU
		{28C87C0F-A559-4E71-A8C2-21B9A5E80F94}.Release|Any CPU.ActiveCfg = Release|Any CPU
		{28C87C0F-A559-4E71-A8C2-21B9A5E80F94}.Release|Any CPU.Build.0 = Release|Any CPU
	EndGlobalSection
	GlobalSection(SolutionProperties) = preSolution
		HideSolutionNode = FALSE
	EndGlobalSection
	GlobalSection(ExtensibilityGlobals) = postSolution
		SolutionGuid = {2933AE84-3B15-4B78-8702-891018E84078}
	EndGlobalSection
EndGlobal
